
Microsoft Visual Studio Solution File, Format Version 12.00
# Visual Studio Version 16
VisualStudioVersion = 16.0.31624.102
MinimumVisualStudioVersion = 10.0.40219.1
Project("{FAE04EC0-301F-11D3-BF4B-00C04F79EFBC}") = "UsersPlatform", "UsersPlatform\UsersPlatform.csproj", "{DC31B1DE-DD74-460D-9464-61185A202B22}"
EndProject
Global
	GlobalSection(SolutionConfigurationPlatforms) = preSolution
		Debug|Any CPU = Debug|Any CPU
		Release|Any CPU = Release|Any CPU
	EndGlobalSection
	GlobalSection(ProjectConfigurationPlatforms) = postSolution
		{DC31B1DE-DD74-460D-9464-61185A202B22}.Debug|Any CPU.ActiveCfg = Debug|Any CPU
		{DC31B1DE-DD74-460D-9464-61185A202B22}.Debug|Any CPU.Build.0 = Debug|Any CPU
		{DC31B1DE-DD74-460D-9464-61185A202B22}.Release|Any CPU.ActiveCfg = Release|Any CPU
		{DC31B1DE-DD74-460D-9464-61185A202B22}.Release|Any CPU.Build.0 = Release|Any CPU
	EndGlobalSection
	GlobalSection(SolutionProperties) = preSolution
		HideSolutionNode = FALSE
	EndGlobalSection
	GlobalSection(ExtensibilityGlobals) = postSolution
		SolutionGuid = {F71CBA34-C086-4509-BA51-C268FC678149}
	EndGlobalSection
EndGlobal
